{
  "version": "4",
  "specifiers": {
    "jsr:@cross/deepmerge@1": "1.0.0",
    "jsr:@cross/dir@^1.1.0": "1.1.0",
    "jsr:@cross/env@1": "1.0.2",
    "jsr:@cross/fs@~0.1.11": "0.1.11",
    "jsr:@cross/runtime@1": "1.1.0",
    "jsr:@cross/runtime@^1.1.0": "1.1.0",
    "jsr:@cross/test@^0.0.9": "0.0.9",
    "jsr:@cross/utils@0.7": "0.7.1",
    "jsr:@std/assert@0.224": "0.224.0",
    "jsr:@std/assert@^1.0.4": "1.0.8",
    "jsr:@std/internal@^1.0.5": "1.0.5",
    "jsr:@std/path@*": "1.0.8",
    "jsr:@std/path@0.224": "0.224.0",
    "jsr:@std/path@^1.0.8": "1.0.8",
    "npm:@types/node@*": "22.5.4",
    "npm:@types/picomatch@^3.0.1": "3.0.1",
    "npm:fast-check@^3.23.1": "3.23.1",
    "npm:picomatch@^4.0.2": "4.0.2"
  },
  "jsr": {
    "@cross/deepmerge@1.0.0": {
      "integrity": "1e1318a74e31ba1959b9aa0acae8bd417b806f74ffd25ac07c90e12f83ad6b1d"
    },
    "@cross/dir@1.1.0": {
      "integrity": "41eb779daf160f53bc33ef91f593f332fffc52ec9b81f87178db564718534e59",
      "dependencies": [
        "jsr:@cross/env",
        "jsr:@cross/runtime@1",
        "jsr:@cross/utils"
      ]
    },
    "@cross/env@1.0.2": {
      "integrity": "28501ad1043c218a5b00fe5db27ec62c01ab16371bbe1b9d738496f0a7c5eeb8",
      "dependencies": [
        "jsr:@cross/deepmerge",
        "jsr:@cross/runtime@1"
      ]
    },
    "@cross/fs@0.1.11": {
      "integrity": "88fdde19a5c0b5517ccd1bf087a2cdae8f4e9acbd54b9688f5332af574b49f7d",
      "dependencies": [
        "jsr:@cross/dir",
        "jsr:@cross/env",
        "jsr:@cross/runtime@1",
        "jsr:@std/path@0.224"
      ]
    },
    "@cross/runtime@1.1.0": {
      "integrity": "f35a3b768a9de125277329483b684062ffc9ee86f4449cb8b3d614adcad64ffb"
    },
    "@cross/test@0.0.9": {
      "integrity": "2aa8237a96a2f8f51ccc8fec71135616d223bf4f38dd89ba4f863037c85ddc56",
      "dependencies": [
        "jsr:@cross/runtime@1"
      ]
    },
    "@cross/utils@0.7.1": {
      "integrity": "6cc50ad31b0904364188c43d10e3d4888d817a3d415528b014c27deb8a35564e",
      "dependencies": [
        "jsr:@cross/runtime@1"
      ]
    },
    "@std/assert@0.224.0": {
      "integrity": "8643233ec7aec38a940a8264a6e3eed9bfa44e7a71cc6b3c8874213ff401967f"
    },
    "@std/assert@1.0.8": {
      "integrity": "ebe0bd7eb488ee39686f77003992f389a06c3da1bbd8022184804852b2fa641b",
      "dependencies": [
        "jsr:@std/internal"
      ]
    },
    "@std/internal@1.0.5": {
      "integrity": "54a546004f769c1ac9e025abd15a76b6671ddc9687e2313b67376125650dc7ba"
    },
    "@std/path@0.224.0": {
      "integrity": "55bca6361e5a6d158b9380e82d4981d82d338ec587de02951e2b7c3a24910ee6",
      "dependencies": [
        "jsr:@std/assert@0.224"
      ]
    },
    "@std/path@1.0.8": {
      "integrity": "548fa456bb6a04d3c1a1e7477986b6cffbce95102d0bb447c67c4ee70e0364be"
    }
  },
  "npm": {
    "@types/node@22.5.4": {
      "integrity": "sha512-FDuKUJQm/ju9fT/SeX/6+gBzoPzlVCzfzmGkwKvRHQVxi4BntVbyIwf6a4Xn62mrvndLiml6z/UBXIdEVjQLXg==",
      "dependencies": [
        "undici-types"
      ]
    },
    "@types/picomatch@3.0.1": {
      "integrity": "sha512-1MRgzpzY0hOp9pW/kLRxeQhUWwil6gnrUYd3oEpeYBqp/FexhaCPv3F8LsYr47gtUU45fO2cm1dbwkSrHEo8Uw=="
    },
    "fast-check@3.23.1": {
      "integrity": "sha512-u/MudsoQEgBUZgR5N1v87vEgybeVYus9VnDVaIkxkkGP2jt54naghQ3PCQHJiogS8U/GavZCUPFfx3Xkp+NaHw==",
      "dependencies": [
        "pure-rand"
      ]
    },
    "picomatch@4.0.2": {
      "integrity": "sha512-M7BAV6Rlcy5u+m6oPhAPFgJTzAioX/6B0DxyvDlo9l8+T3nLKbrczg2WLUyzd45L8RqfUMyGPzekbMvX2Ldkwg=="
    },
    "pure-rand@6.1.0": {
      "integrity": "sha512-bVWawvoZoBYpp6yIoQtQXHZjmz35RSVHnUOTefl8Vcjr8snTPY1wnpSPMWekcFwbxI6gtmT7rSYPFvz71ldiOA=="
    },
    "undici-types@6.19.8": {
      "integrity": "sha512-ve2KP6f/JnbPBFyobGHuerC9g1FYGn/F8n1LWTwNxCEzd6IfqTwUQcNXgEtmmQ6DlRrC1hrSrBnCZPokRrDHjw=="
    }
  },
  "workspace": {
    "dependencies": [
      "jsr:@cross/fs@~0.1.11",
      "jsr:@cross/runtime@^1.1.0",
      "jsr:@cross/test@^0.0.9",
      "jsr:@std/assert@^1.0.4",
      "jsr:@std/path@^1.0.8",
      "npm:@types/picomatch@^3.0.1",
      "npm:fast-check@^3.23.1",
      "npm:picomatch@^4.0.2"
    ]
  }
}
